{
  "name": "city-builder",
  "version": "1.0.0",
  "lockfileVersion": 3,
  "requires": true,
  "packages": {
    "": {
      "name": "city-builder",
      "version": "1.0.0",
      "license": "ISC",
      "dependencies": {
        "@vercel/ncc": "^0.38.1",
        "typescript": "^5.2.2"
      }
    },
    "node_modules/@vercel/ncc": {
      "version": "0.38.1",
      "resolved": "https://registry.npmjs.org/@vercel/ncc/-/ncc-0.38.1.tgz",
      "integrity": "sha512-IBBb+iI2NLu4VQn3Vwldyi2QwaXt5+hTyh58ggAMoCGE6DJmPvwL3KPBWcJl1m9LYPChBLE980Jw+CS4Wokqxw==",
      "bin": {
        "ncc": "dist/ncc/cli.js"
      }
    },
    "node_modules/typescript": {
      "version": "5.2.2",
      "resolved": "https://registry.npmjs.org/typescript/-/typescript-5.2.2.tgz",
      "integrity": "sha512-mI4WrpHsbCIcwT9cF4FZvr80QUeKvsUsUvKDoR+X/7XHQH98xYD8YHZg7ANtz2GtZt/CBq2QJ0thkGJMHfqc1w==",
      "bin": {
        "tsc": "bin/tsc",
        "tsserver": "bin/tsserver"
      },
      "engines": {
        "node": ">=14.17"
      }
    }
  }
}
